
Microsoft Visual Studio Solution File, Format Version 11.00
# Visual Studio 2010
Project("{888888A0-9F3D-457C-B088-3A5042F75D52}") = "titanic", "titanic\titanic.pyproj", "{BE7EA15B-7C2D-4521-8E30-582F0732253F}"
EndProject
Global
	GlobalSection(SolutionConfigurationPlatforms) = preSolution
		Debug|Any CPU = Debug|Any CPU
		Release|Any CPU = Release|Any CPU
	EndGlobalSection
	GlobalSection(ProjectConfigurationPlatforms) = postSolution
		{BE7EA15B-7C2D-4521-8E30-582F0732253F}.Debug|Any CPU.ActiveCfg = Debug|Any CPU
		{BE7EA15B-7C2D-4521-8E30-582F0732253F}.Release|Any CPU.ActiveCfg = Release|Any CPU
	EndGlobalSection
	GlobalSection(SolutionProperties) = preSolution
		HideSolutionNode = FALSE
	EndGlobalSection
EndGlobal
